
Microsoft Visual Studio Solution File, Format Version 12.00
# Visual Studio Version 17
VisualStudioVersion = 17.1.32210.238
MinimumVisualStudioVersion = 10.0.40219.1
Project("{FAE04EC0-301F-11D3-BF4B-00C04F79EFBC}") = "EasyDatabase", "EasyDatabase\EasyDatabase.csproj", "{5298B6DB-E45F-403F-A808-8BF8BCEF5A72}"
EndProject
Project("{FAE04EC0-301F-11D3-BF4B-00C04F79EFBC}") = "EasyDatabase.ConsoleApp", "EasyDatabase.ConsoleApp\EasyDatabase.ConsoleApp.csproj", "{C4CA383C-C258-4267-AC4D-8462BA151E25}"
EndProject
Global
	GlobalSection(SolutionConfigurationPlatforms) = preSolution
		Debug|Any CPU = Debug|Any CPU
		Release|Any CPU = Release|Any CPU
	EndGlobalSection
	GlobalSection(ProjectConfigurationPlatforms) = postSolution
		{5298B6DB-E45F-403F-A808-8BF8BCEF5A72}.Debug|Any CPU.ActiveCfg = Debug|Any CPU
		{5298B6DB-E45F-403F-A808-8BF8BCEF5A72}.Debug|Any CPU.Build.0 = Debug|Any CPU
		{5298B6DB-E45F-403F-A808-8BF8BCEF5A72}.Release|Any CPU.ActiveCfg = Release|Any CPU
		{5298B6DB-E45F-403F-A808-8BF8BCEF5A72}.Release|Any CPU.Build.0 = Release|Any CPU
		{C4CA383C-C258-4267-AC4D-8462BA151E25}.Debug|Any CPU.ActiveCfg = Debug|Any CPU
		{C4CA383C-C258-4267-AC4D-8462BA151E25}.Debug|Any CPU.Build.0 = Debug|Any CPU
		{C4CA383C-C258-4267-AC4D-8462BA151E25}.Release|Any CPU.ActiveCfg = Release|Any CPU
		{C4CA383C-C258-4267-AC4D-8462BA151E25}.Release|Any CPU.Build.0 = Release|Any CPU
	EndGlobalSection
	GlobalSection(SolutionProperties) = preSolution
		HideSolutionNode = FALSE
	EndGlobalSection
	GlobalSection(ExtensibilityGlobals) = postSolution
		SolutionGuid = {C6679C80-6B02-4F5F-9E66-F0337C80D863}
	EndGlobalSection
EndGlobal
